
Microsoft Visual Studio Solution File, Format Version 12.00
# Visual Studio Version 17
VisualStudioVersion = 17.7.34031.279
MinimumVisualStudioVersion = 10.0.40219.1
Project("{FAE04EC0-301F-11D3-BF4B-00C04F79EFBC}") = "Piedra_Papel_Tijera", "Piedra_Papel_Tijera\Piedra_Papel_Tijera.csproj", "{4D15A50C-CD5E-4174-B569-6BC7C77B6913}"
EndProject
Global
	GlobalSection(SolutionConfigurationPlatforms) = preSolution
		Debug|Any CPU = Debug|Any CPU
		Release|Any CPU = Release|Any CPU
	EndGlobalSection
	GlobalSection(ProjectConfigurationPlatforms) = postSolution
		{4D15A50C-CD5E-4174-B569-6BC7C77B6913}.Debug|Any CPU.ActiveCfg = Debug|Any CPU
		{4D15A50C-CD5E-4174-B569-6BC7C77B6913}.Debug|Any CPU.Build.0 = Debug|Any CPU
		{4D15A50C-CD5E-4174-B569-6BC7C77B6913}.Release|Any CPU.ActiveCfg = Release|Any CPU
		{4D15A50C-CD5E-4174-B569-6BC7C77B6913}.Release|Any CPU.Build.0 = Release|Any CPU
	EndGlobalSection
	GlobalSection(SolutionProperties) = preSolution
		HideSolutionNode = FALSE
	EndGlobalSection
	GlobalSection(ExtensibilityGlobals) = postSolution
		SolutionGuid = {20C72D22-51E9-47A4-9CCD-1D9768E43C30}
	EndGlobalSection
EndGlobal
